<?xml version="1.0" encoding="utf-8"?>
<Project ToolsVersion="4.0" xmlns="http://schemas.microsoft.com/developer/msbuild/2003">
  <ItemGroup>
    <ClCompile Include="..\demo\demo-atlas.cc" />
    <ClCompile Include="..\demo\demo-buffer.cc" />
    <ClCompile Include="..\demo\demo-font.cc" />
    <ClCompile Include="..\demo\demo-glstate.cc" />
    <ClCompile Include="..\demo\demo-shader.cc" />
    <ClCompile Include="..\demo\demo-view.cc" />
    <ClCompile Include="..\demo\matrix4x4.c" />
    <ClCompile Include="..\demo\trackball.c" />
    <ClCompile Include="..\demo\glyphy-demo.cc" />
    <ClCompile Include="glew\src\glew.c">
      <Filter>glew</Filter>
    </ClCompile>
    <ClCompile Include="freeglut\src\fg_callbacks.c">
      <Filter>glut</Filter>
    </ClCompile>
    <ClCompile Include="freeglut\src\fg_cursor.c">
      <Filter>glut</Filter>
    </ClCompile>
    <ClCompile Include="freeglut\src\fg_display.c">
      <Filter>glut</Filter>
    </ClCompile>
    <ClCompile Include="freeglut\src\fg_ext.c">
      <Filter>glut</Filter>
    </ClCompile>
    <ClCompile Include="freeglut\src\fg_font.c">
      <Filter>glut</Filter>
    </ClCompile>
    <ClCompile Include="freeglut\src\fg_font_data.c">
      <Filter>glut</Filter>
    </ClCompile>
    <ClCompile Include="freeglut\src\fg_gamemode.c">
      <Filter>glut</Filter>
    </ClCompile>
    <ClCompile Include="freeglut\src\fg_geometry.c">
      <Filter>glut</Filter>
    </ClCompile>
    <ClCompile Include="freeglut\src\fg_gl2.c">
      <Filter>glut</Filter>
    </ClCompile>
    <ClCompile Include="freeglut\src\fg_init.c">
      <Filter>glut</Filter>
    </ClCompile>
    <ClCompile Include="freeglut\src\fg_input_devices.c">
      <Filter>glut</Filter>
    </ClCompile>
    <ClCompile Include="freeglut\src\fg_joystick.c">
      <Filter>glut</Filter>
    </ClCompile>
    <ClCompile Include="freeglut\src\fg_main.c">
      <Filter>glut</Filter>
    </ClCompile>
    <ClCompile Include="freeglut\src\fg_menu.c">
      <Filter>glut</Filter>
    </ClCompile>
    <ClCompile Include="freeglut\src\fg_misc.c">
      <Filter>glut</Filter>
    </ClCompile>
    <ClCompile Include="freeglut\src\fg_overlay.c">
      <Filter>glut</Filter>
    </ClCompile>
    <ClCompile Include="freeglut\src\fg_spaceball.c">
      <Filter>glut</Filter>
    </ClCompile>
    <ClCompile Include="freeglut\src\fg_state.c">
      <Filter>glut</Filter>
    </ClCompile>
    <ClCompile Include="freeglut\src\fg_stroke_mono_roman.c">
      <Filter>glut</Filter>
    </ClCompile>
    <ClCompile Include="freeglut\src\fg_stroke_roman.c">
      <Filter>glut</Filter>
    </ClCompile>
    <ClCompile Include="freeglut\src\fg_structure.c">
      <Filter>glut</Filter>
    </ClCompile>
    <ClCompile Include="freeglut\src\fg_teapot.c">
      <Filter>glut</Filter>
    </ClCompile>
    <ClCompile Include="freeglut\src\fg_videoresize.c">
      <Filter>glut</Filter>
    </ClCompile>
    <ClCompile Include="freeglut\src\fg_window.c">
      <Filter>glut</Filter>
    </ClCompile>
    <ClCompile Include="freeglut\src\mswin\fg_cursor_mswin.c">
      <Filter>glut</Filter>
    </ClCompile>
    <ClCompile Include="freeglut\src\mswin\fg_display_mswin.c">
      <Filter>glut</Filter>
    </ClCompile>
    <ClCompile Include="freeglut\src\mswin\fg_ext_mswin.c">
      <Filter>glut</Filter>
    </ClCompile>
    <ClCompile Include="freeglut\src\mswin\fg_gamemode_mswin.c">
      <Filter>glut</Filter>
    </ClCompile>
    <ClCompile Include="freeglut\src\mswin\fg_init_mswin.c">
      <Filter>glut</Filter>
    </ClCompile>
    <ClCompile Include="freeglut\src\mswin\fg_input_devices_mswin.c">
      <Filter>glut</Filter>
    </ClCompile>
    <ClCompile Include="freeglut\src\mswin\fg_joystick_mswin.c">
      <Filter>glut</Filter>
    </ClCompile>
    <ClCompile Include="freeglut\src\mswin\fg_main_mswin.c">
      <Filter>glut</Filter>
    </ClCompile>
    <ClCompile Include="freeglut\src\mswin\fg_menu_mswin.c">
      <Filter>glut</Filter>
    </ClCompile>
    <ClCompile Include="freeglut\src\mswin\fg_spaceball_mswin.c">
      <Filter>glut</Filter>
    </ClCompile>
    <ClCompile Include="freeglut\src\mswin\fg_state_mswin.c">
      <Filter>glut</Filter>
    </ClCompile>
    <ClCompile Include="freeglut\src\mswin\fg_structure_mswin.c">
      <Filter>glut</Filter>
    </ClCompile>
    <ClCompile Include="freeglut\src\mswin\fg_window_mswin.c">
      <Filter>glut</Filter>
    </ClCompile>
        <ClCompile Include="freetype\src\autofit\autofit.c">
      <Filter>freetype</Filter>
    </ClCompile>
    <ClCompile Include="freetype\src\bdf\bdf.c">
      <Filter>freetype</Filter>
    </ClCompile>
    <ClCompile Include="freetype\src\cff\cff.c">
      <Filter>freetype</Filter>
    </ClCompile>
    <ClCompile Include="freetype\src\base\ftbase.c">
      <Filter>freetype</Filter>
    </ClCompile>
    <ClCompile Include="freetype\src\base\ftbitmap.c">
      <Filter>freetype</Filter>
    </ClCompile>
    <ClCompile Include="freetype\src\cache\ftcache.c">
      <Filter>freetype</Filter>
    </ClCompile>
    <ClCompile Include="freetype\src\base\ftfstype.c">
      <Filter>freetype</Filter>
    </ClCompile>
    <ClCompile Include="freetype\src\base\ftgasp.c">
      <Filter>freetype</Filter>
    </ClCompile>
    <ClCompile Include="freetype\src\base\ftglyph.c">
      <Filter>freetype</Filter>
    </ClCompile>
    <ClCompile Include="freetype\src\gzip\ftgzip.c">
      <Filter>freetype</Filter>
    </ClCompile>
    <ClCompile Include="freetype\src\base\ftinit.c">
      <Filter>freetype</Filter>
    </ClCompile>
    <ClCompile Include="freetype\src\lzw\ftlzw.c">
      <Filter>freetype</Filter>
    </ClCompile>
    <ClCompile Include="freetype\src\base\ftstroke.c">
      <Filter>freetype</Filter>
    </ClCompile>
    <ClCompile Include="freetype\src\base\ftsystem.c">
      <Filter>freetype</Filter>
    </ClCompile>
    <ClCompile Include="freetype\src\smooth\smooth.c">
      <Filter>freetype</Filter>
    </ClCompile>
    <ClCompile Include="freetype\src\base\ftbbox.c">
      <Filter>freetype</Filter>
    </ClCompile>
    <ClCompile Include="freetype\src\base\ftfntfmt.c">
      <Filter>freetype</Filter>
    </ClCompile>
    <ClCompile Include="freetype\src\base\ftmm.c">
      <Filter>freetype</Filter>
    </ClCompile>
    <ClCompile Include="freetype\src\base\ftpfr.c">
      <Filter>freetype</Filter>
    </ClCompile>
    <ClCompile Include="freetype\src\base\ftsynth.c">
      <Filter>freetype</Filter>
    </ClCompile>
    <ClCompile Include="freetype\src\base\fttype1.c">
      <Filter>freetype</Filter>
    </ClCompile>
    <ClCompile Include="freetype\src\base\ftwinfnt.c">
      <Filter>freetype</Filter>
    </ClCompile>
    <ClCompile Include="freetype\src\base\ftlcdfil.c">
      <Filter>freetype</Filter>
    </ClCompile>
    <ClCompile Include="freetype\src\base\ftgxval.c">
      <Filter>freetype</Filter>
    </ClCompile>
    <ClCompile Include="freetype\src\base\ftotval.c">
      <Filter>freetype</Filter>
    </ClCompile>
    <ClCompile Include="freetype\src\base\ftpatent.c">
      <Filter>freetype</Filter>
    </ClCompile>
    <ClCompile Include="freetype\src\pcf\pcf.c">
      <Filter>freetype</Filter>
    </ClCompile>
    <ClCompile Include="freetype\src\pfr\pfr.c">
      <Filter>freetype</Filter>
    </ClCompile>
    <ClCompile Include="freetype\src\psaux\psaux.c">
      <Filter>freetype</Filter>
    </ClCompile>
    <ClCompile Include="freetype\src\pshinter\pshinter.c">
      <Filter>freetype</Filter>
    </ClCompile>
    <ClCompile Include="freetype\src\psnames\psmodule.c">
      <Filter>freetype</Filter>
    </ClCompile>
    <ClCompile Include="freetype\src\raster\raster.c">
      <Filter>freetype</Filter>
    </ClCompile>
    <ClCompile Include="freetype\src\sfnt\sfnt.c">
      <Filter>freetype</Filter>
    </ClCompile>
    <ClCompile Include="freetype\src\truetype\truetype.c">
      <Filter>freetype</Filter>
    </ClCompile>
    <ClCompile Include="freetype\src\type1\type1.c">
      <Filter>freetype</Filter>
    </ClCompile>
    <ClCompile Include="freetype\src\cid\type1cid.c">
      <Filter>freetype</Filter>
    </ClCompile>
    <ClCompile Include="freetype\src\type42\type42.c">
      <Filter>freetype</Filter>
    </ClCompile>
    <ClCompile Include="freetype\src\winfonts\winfnt.c">
      <Filter>freetype</Filter>
	  </ClCompile>
  </ItemGroup>
  <ItemGroup>
    <Filter Include="glew">
      <UniqueIdentifier>{b0e6288d-fd10-4725-8163-dd23f62a67e4}</UniqueIdentifier>
    </Filter>
    <Filter Include="glut">
      <UniqueIdentifier>{c2e64937-4925-43f7-88c7-9f2d59d7f221}</UniqueIdentifier>
    </Filter>
    <Filter Include="freetype">
      <UniqueIdentifier>{54a3b795-2136-4ddd-9524-0f07452c1dc0}</UniqueIdentifier>
    </Filter>
  </ItemGroup>
  <ItemGroup>
    <ClInclude Include="freeglut\src\fg_gl2.h">
      <Filter>glut</Filter>
    </ClInclude>
    <ClInclude Include="freeglut\src\fg_init.h">
      <Filter>glut</Filter>
    </ClInclude>
    <ClInclude Include="freeglut\src\fg_internal.h">
      <Filter>glut</Filter>
    </ClInclude>
    <ClInclude Include="freeglut\src\fg_teapot_data.h">
      <Filter>glut</Filter>
    </ClInclude>
    <ClInclude Include="freeglut\src\fg_version.h">
      <Filter>glut</Filter>
    </ClInclude>
    <ClInclude Include="freeglut\src\mswin\fg_internal_mswin.h">
      <Filter>glut</Filter>
    </ClInclude>
  </ItemGroup>
</Project>